// !$*UTF8*$!
{
	archiveVersion = 1;
	classes = {
	};
	objectVersion = 46;
	objects = {

/* Begin PBXBuildFile section */
		BC09CAE01A96224C00BEF3B9 /* main.m in Sources */ = {isa = PBXBuildFile; fileRef = BC09CADF1A96224C00BEF3B9 /* main.m */; };
		BC09CAE31A96224C00BEF3B9 /* AppDelegate.m in Sources */ = {isa = PBXBuildFile; fileRef = BC09CAE21A96224C00BEF3B9 /* AppDelegate.m */; };
		BC09CAEB1A96224C00BEF3B9 /* Images.xcassets in Resources */ = {isa = PBXBuildFile; fileRef = BC09CAEA1A96224C00BEF3B9 /* Images.xcassets */; };
		BC09CAFA1A96224C00BEF3B9 /* BlocBrowserTests.m in Sources */ = {isa = PBXBuildFile; fileRef = BC09CAF91A96224C00BEF3B9 /* BlocBrowserTests.m */; };
		BC09CB071A96241900BEF3B9 /* WebBrowserViewController.m in Sources */ = {isa = PBXBuildFile; fileRef = BC09CB061A96241900BEF3B9 /* WebBrowserViewController.m */; };
		BC09CB0B1A96D1C600BEF3B9 /* Default-568h@2x.png in Resources */ = {isa = PBXBuildFile; fileRef = BC09CB0A1A96D1C600BEF3B9 /* Default-568h@2x.png */; };
/* End PBXBuildFile section */

/* Begin PBXContainerItemProxy section */
		BC09CAF41A96224C00BEF3B9 /* PBXContainerItemProxy */ = {
			isa = PBXContainerItemProxy;
			containerPortal = BC09CAD21A96224B00BEF3B9 /* Project object */;
			proxyType = 1;
			remoteGlobalIDString = BC09CAD91A96224B00BEF3B9;
			remoteInfo = BlocBrowser;
		};
/* End PBXContainerItemProxy section */

/* Begin PBXFileReference section */
		BC09CADA1A96224B00BEF3B9 /* BlocBrowser.app */ = {isa = PBXFileReference; explicitFileType = wrapper.application; includeInIndex = 0; path = BlocBrowser.app; sourceTree = BUILT_PRODUCTS_DIR; };
		BC09CADE1A96224B00BEF3B9 /* Info.plist */ = {isa = PBXFileReference; lastKnownFileType = text.plist.xml; path = Info.plist; sourceTree = "<group>"; };
		BC09CADF1A96224C00BEF3B9 /* main.m */ = {isa = PBXFileReference; lastKnownFileType = sourcecode.c.objc; path = main.m; sourceTree = "<group>"; };
		BC09CAE11A96224C00BEF3B9 /* AppDelegate.h */ = {isa = PBXFileReference; lastKnownFileType = sourcecode.c.h; path = AppDelegate.h; sourceTree = "<group>"; };
		BC09CAE21A96224C00BEF3B9 /* AppDelegate.m */ = {isa = PBXFileReference; lastKnownFileType = sourcecode.c.objc; path = AppDelegate.m; sourceTree = "<group>"; };
		BC09CAEA1A96224C00BEF3B9 /* Images.xcassets */ = {isa = PBXFileReference; lastKnownFileType = folder.assetcatalog; path = Images.xcassets; sourceTree = "<group>"; };
		BC09CAF31A96224C00BEF3B9 /* BlocBrowserTests.xctest */ = {isa = PBXFileReference; explicitFileType = wrapper.cfbundle; includeInIndex = 0; path = BlocBrowserTests.xctest; sourceTree = BUILT_PRODUCTS_DIR; };
		BC09CAF81A96224C00BEF3B9 /* Info.plist */ = {isa = PBXFileReference; lastKnownFileType = text.plist.xml; path = Info.plist; sourceTree = "<group>"; };
		BC09CAF91A96224C00BEF3B9 /* BlocBrowserTests.m */ = {isa = PBXFileReference; lastKnownFileType = sourcecode.c.objc; path = BlocBrowserTests.m; sourceTree = "<group>"; };
		BC09CB051A96241900BEF3B9 /* WebBrowserViewController.h */ = {isa = PBXFileReference; fileEncoding = 4; lastKnownFileType = sourcecode.c.h; name = WebBrowserViewController.h; path = BlocBrowser/WebBrowserViewController.h; sourceTree = "<group>"; };
		BC09CB061A96241900BEF3B9 /* WebBrowserViewController.m */ = {isa = PBXFileReference; fileEncoding = 4; lastKnownFileType = sourcecode.c.objc; name = WebBrowserViewController.m; path = BlocBrowser/WebBrowserViewController.m; sourceTree = "<group>"; };
		BC09CB0A1A96D1C600BEF3B9 /* Default-568h@2x.png */ = {isa = PBXFileReference; lastKnownFileType = image.png; path = "Default-568h@2x.png"; sourceTree = "<group>"; };
/* End PBXFileReference section */

/* Begin PBXFrameworksBuildPhase section */
		BC09CAD71A96224B00BEF3B9 /* Frameworks */ = {
			isa = PBXFrameworksBuildPhase;
			buildActionMask = 2147483647;
			files = (
			);
			runOnlyForDeploymentPostprocessing = 0;
		};
		BC09CAF01A96224C00BEF3B9 /* Frameworks */ = {
			isa = PBXFrameworksBuildPhase;
			buildActionMask = 2147483647;
			files = (
			);
			runOnlyForDeploymentPostprocessing = 0;
		};
/* End PBXFrameworksBuildPhase section */

/* Begin PBXGroup section */
		BC09CAD11A96224B00BEF3B9 = {
			isa = PBXGroup;
			children = (
				BC09CB0A1A96D1C600BEF3B9 /* Default-568h@2x.png */,
				BC09CB051A96241900BEF3B9 /* WebBrowserViewController.h */,
				BC09CB061A96241900BEF3B9 /* WebBrowserViewController.m */,
				BC09CADC1A96224B00BEF3B9 /* BlocBrowser */,
				BC09CAF61A96224C00BEF3B9 /* BlocBrowserTests */,
				BC09CADB1A96224B00BEF3B9 /* Products */,
			);
			sourceTree = "<group>";
		};
		BC09CADB1A96224B00BEF3B9 /* Products */ = {
			isa = PBXGroup;
			children = (
				BC09CADA1A96224B00BEF3B9 /* BlocBrowser.app */,
				BC09CAF31A96224C00BEF3B9 /* BlocBrowserTests.xctest */,
			);
			name = Products;
			sourceTree = "<group>";
		};
		BC09CADC1A96224B00BEF3B9 /* BlocBrowser */ = {
			isa = PBXGroup;
			children = (
				BC09CAE11A96224C00BEF3B9 /* AppDelegate.h */,
				BC09CAE21A96224C00BEF3B9 /* AppDelegate.m */,
				BC09CAEA1A96224C00BEF3B9 /* Images.xcassets */,
				BC09CADD1A96224B00BEF3B9 /* Supporting Files */,
			);
			path = BlocBrowser;
			sourceTree = "<group>";
		};
		BC09CADD1A96224B00BEF3B9 /* Supporting Files */ = {
			isa = PBXGroup;
			children = (
				BC09CADE1A96224B00BEF3B9 /* Info.plist */,
				BC09CADF1A96224C00BEF3B9 /* main.m */,
			);
			name = "Supporting Files";
			sourceTree = "<group>";
		};
		BC09CAF61A96224C00BEF3B9 /* BlocBrowserTests */ = {
			isa = PBXGroup;
			children = (
				BC09CAF91A96224C00BEF3B9 /* BlocBrowserTests.m */,
				BC09CAF71A96224C00BEF3B9 /* Supporting Files */,
			);
			path = BlocBrowserTests;
			sourceTree = "<group>";
		};
		BC09CAF71A96224C00BEF3B9 /* Supporting Files */ = {
			isa = PBXGroup;
			children = (
				BC09CAF81A96224C00BEF3B9 /* Info.plist */,
			);
			name = "Supporting Files";
			sourceTree = "<group>";
		};
/* End PBXGroup section */

/* Begin PBXNativeTarget section */
		BC09CAD91A96224B00BEF3B9 /* BlocBrowser */ = {
			isa = PBXNativeTarget;
			buildConfigurationList = BC09CAFD1A96224C00BEF3B9 /* Build configuration list for PBXNativeTarget "BlocBrowser" */;
			buildPhases = (
				BC09CAD61A96224B00BEF3B9 /* Sources */,
				BC09CAD71A96224B00BEF3B9 /* Frameworks */,
				BC09CAD81A96224B00BEF3B9 /* Resources */,
			);
			buildRules = (
			);
			dependencies = (
			);
			name = BlocBrowser;
			productName = BlocBrowser;
			productReference = BC09CADA1A96224B00BEF3B9 /* BlocBrowser.app */;
			productType = "com.apple.product-type.application";
		};
		BC09CAF21A96224C00BEF3B9 /* BlocBrowserTests */ = {
			isa = PBXNativeTarget;
			buildConfigurationList = BC09CB001A96224C00BEF3B9 /* Build configuration list for PBXNativeTarget "BlocBrowserTests" */;
			buildPhases = (
				BC09CAEF1A96224C00BEF3B9 /* Sources */,
				BC09CAF01A96224C00BEF3B9 /* Frameworks */,
				BC09CAF11A96224C00BEF3B9 /* Resources */,
			);
			buildRules = (
			);
			dependencies = (
				BC09CAF51A96224C00BEF3B9 /* PBXTargetDependency */,
			);
			name = BlocBrowserTests;
			productName = BlocBrowserTests;
			productReference = BC09CAF31A96224C00BEF3B9 /* BlocBrowserTests.xctest */;
			productType = "com.apple.product-type.bundle.unit-test";
		};
/* End PBXNativeTarget section */

/* Begin PBXProject section */
		BC09CAD21A96224B00BEF3B9 /* Project object */ = {
			isa = PBXProject;
			attributes = {
				LastUpgradeCheck = 0620;
				ORGANIZATIONNAME = "Diego Aguirre";
				TargetAttributes = {
					BC09CAD91A96224B00BEF3B9 = {
						CreatedOnToolsVersion = 6.2;
					};
					BC09CAF21A96224C00BEF3B9 = {
						CreatedOnToolsVersion = 6.2;
						TestTargetID = BC09CAD91A96224B00BEF3B9;
					};
				};
			};
			buildConfigurationList = BC09CAD51A96224B00BEF3B9 /* Build configuration list for PBXProject "BlocBrowser" */;
			compatibilityVersion = "Xcode 3.2";
			developmentRegion = English;
			hasScannedForEncodings = 0;
			knownRegions = (
				en,
				Base,
			);
			mainGroup = BC09CAD11A96224B00BEF3B9;
			productRefGroup = BC09CADB1A96224B00BEF3B9 /* Products */;
			projectDirPath = "";
			projectRoot = "";
			targets = (
				BC09CAD91A96224B00BEF3B9 /* BlocBrowser */,
				BC09CAF21A96224C00BEF3B9 /* BlocBrowserTests */,
			);
		};
/* End PBXProject section */

/* Begin PBXResourcesBuildPhase section */
		BC09CAD81A96224B00BEF3B9 /* Resources */ = {
			isa = PBXResourcesBuildPhase;
			buildActionMask = 2147483647;
			files = (
				BC09CAEB1A96224C00BEF3B9 /* Images.xcassets in Resources */,
				BC09CB0B1A96D1C600BEF3B9 /* Default-568h@2x.png in Resources */,
			);
			runOnlyForDeploymentPostprocessing = 0;
		};
		BC09CAF11A96224C00BEF3B9 /* Resources */ = {
			isa = PBXResourcesBuildPhase;
			buildActionMask = 2147483647;
			files = (
			);
			runOnlyForDeploymentPostprocessing = 0;
		};
/* End PBXResourcesBuildPhase section */

/* Begin PBXSourcesBuildPhase section */
		BC09CAD61A96224B00BEF3B9 /* Sources */ = {
			isa = PBXSourcesBuildPhase;
			buildActionMask = 2147483647;
			files = (
				BC09CAE31A96224C00BEF3B9 /* AppDelegate.m in Sources */,
				BC09CB071A96241900BEF3B9 /* WebBrowserViewController.m in Sources */,
				BC09CAE01A96224C00BEF3B9 /* main.m in Sources */,
			);
			runOnlyForDeploymentPostprocessing = 0;
		};
		BC09CAEF1A96224C00BEF3B9 /* Sources */ = {
			isa = PBXSourcesBuildPhase;
			buildActionMask = 2147483647;
			files = (
				BC09CAFA1A96224C00BEF3B9 /* BlocBrowserTests.m in Sources */,
			);
			runOnlyForDeploymentPostprocessing = 0;
		};
/* End PBXSourcesBuildPhase section */

/* Begin PBXTargetDependency section */
		BC09CAF51A96224C00BEF3B9 /* PBXTargetDependency */ = {
			isa = PBXTargetDependency;
			target = BC09CAD91A96224B00BEF3B9 /* BlocBrowser */;
			targetProxy = BC09CAF41A96224C00BEF3B9 /* PBXContainerItemProxy */;
		};
/* End PBXTargetDependency section */

/* Begin XCBuildConfiguration section */
		BC09CAFB1A96224C00BEF3B9 /* Debug */ = {
			isa = XCBuildConfiguration;
			buildSettings = {
				ALWAYS_SEARCH_USER_PATHS = NO;
				CLANG_CXX_LANGUAGE_STANDARD = "gnu++0x";
				CLANG_CXX_LIBRARY = "libc++";
				CLANG_ENABLE_MODULES = YES;
				CLANG_ENABLE_OBJC_ARC = YES;
				CLANG_WARN_BOOL_CONVERSION = YES;
				CLANG_WARN_CONSTANT_CONVERSION = YES;
				CLANG_WARN_DIRECT_OBJC_ISA_USAGE = YES_ERROR;
				CLANG_WARN_EMPTY_BODY = YES;
				CLANG_WARN_ENUM_CONVERSION = YES;
				CLANG_WARN_INT_CONVERSION = YES;
				CLANG_WARN_OBJC_ROOT_CLASS = YES_ERROR;
				CLANG_WARN_UNREACHABLE_CODE = YES;
				CLANG_WARN__DUPLICATE_METHOD_MATCH = YES;
				"CODE_SIGN_IDENTITY[sdk=iphoneos*]" = "iPhone Developer";
				COPY_PHASE_STRIP = NO;
				ENABLE_STRICT_OBJC_MSGSEND = YES;
				GCC_C_LANGUAGE_STANDARD = gnu99;
				GCC_DYNAMIC_NO_PIC = NO;
				GCC_OPTIMIZATION_LEVEL = 0;
				GCC_PREPROCESSOR_DEFINITIONS = (
					"DEBUG=1",
					"$(inherited)",
				);
				GCC_SYMBOLS_PRIVATE_EXTERN = NO;
				GCC_WARN_64_TO_32_BIT_CONVERSION = YES;
				GCC_WARN_ABOUT_RETURN_TYPE = YES_ERROR;
				GCC_WARN_UNDECLARED_SELECTOR = YES;
				GCC_WARN_UNINITIALIZED_AUTOS = YES_AGGRESSIVE;
				GCC_WARN_UNUSED_FUNCTION = YES;
				GCC_WARN_UNUSED_VARIABLE = YES;
				IPHONEOS_DEPLOYMENT_TARGET = 8.2;
				MTL_ENABLE_DEBUG_INFO = YES;
				ONLY_ACTIVE_ARCH = YES;
				SDKROOT = iphoneos;
				TARGETED_DEVICE_FAMILY = "1,2";
			};
			name = Debug;
		};
		BC09CAFC1A96224C00BEF3B9 /* Release */ = {
			isa = XCBuildConfiguration;
			buildSettings = {
				ALWAYS_SEARCH_USER_PATHS = NO;
				CLANG_CXX_LANGUAGE_STANDARD = "gnu++0x";
				CLANG_CXX_LIBRARY = "libc++";
				CLANG_ENABLE_MODULES = YES;
				CLANG_ENABLE_OBJC_ARC = YES;
				CLANG_WARN_BOOL_CONVERSION = YES;
				CLANG_WARN_CONSTANT_CONVERSION = YES;
				CLANG_WARN_DIRECT_OBJC_ISA_USAGE = YES_ERROR;
				CLANG_WARN_EMPTY_BODY = YES;
				CLANG_WARN_ENUM_CONVERSION = YES;
				CLANG_WARN_INT_CONVERSION = YES;
				CLANG_WARN_OBJC_ROOT_CLASS = YES_ERROR;
				CLANG_WARN_UNREACHABLE_CODE = YES;
				CLANG_WARN__DUPLICATE_METHOD_MATCH = YES;
				"CODE_SIGN_IDENTITY[sdk=iphoneos*]" = "iPhone Developer";
				COPY_PHASE_STRIP = NO;
				ENABLE_NS_ASSERTIONS = NO;
				ENABLE_STRICT_OBJC_MSGSEND = YES;
				GCC_C_LANGUAGE_STANDARD = gnu99;
				GCC_WARN_64_TO_32_BIT_CONVERSION = YES;
				GCC_WARN_ABOUT_RETURN_TYPE = YES_ERROR;
				GCC_WARN_UNDECLARED_SELECTOR = YES;
				GCC_WARN_UNINITIALIZED_AUTOS = YES_AGGRESSIVE;
				GCC_WARN_UNUSED_FUNCTION = YES;
				GCC_WARN_UNUSED_VARIABLE = YES;
				IPHONEOS_DEPLOYMENT_TARGET = 8.2;
				MTL_ENABLE_DEBUG_INFO = NO;
				SDKROOT = iphoneos;
				TARGETED_DEVICE_FAMILY = "1,2";
				VALIDATE_PRODUCT = YES;
			};
			name = Release;
		};
		BC09CAFE1A96224C00BEF3B9 /* Debug */ = {
			isa = XCBuildConfiguration;
			buildSettings = {
				ASSETCATALOG_COMPILER_APPICON_NAME = AppIcon;
				INFOPLIST_FILE = BlocBrowser/Info.plist;
				LD_RUNPATH_SEARCH_PATHS = "$(inherited) @executable_path/Frameworks";
				PRODUCT_NAME = "$(TARGET_NAME)";
			};
			name = Debug;
		};
		BC09CAFF1A96224C00BEF3B9 /* Release */ = {
			isa = XCBuildConfiguration;
			buildSettings = {
				ASSETCATALOG_COMPILER_APPICON_NAME = AppIcon;
				INFOPLIST_FILE = BlocBrowser/Info.plist;
				LD_RUNPATH_SEARCH_PATHS = "$(inherited) @executable_path/Frameworks";
				PRODUCT_NAME = "$(TARGET_NAME)";
			};
			name = Release;
		};
		BC09CB011A96224C00BEF3B9 /* Debug */ = {
			isa = XCBuildConfiguration;
			buildSettings = {
				BUNDLE_LOADER = "$(TEST_HOST)";
				FRAMEWORK_SEARCH_PATHS = (
					"$(SDKROOT)/Developer/Library/Frameworks",
					"$(inherited)",
				);
				GCC_PREPROCESSOR_DEFINITIONS = (
					"DEBUG=1",
					"$(inherited)",
				);
				INFOPLIST_FILE = BlocBrowserTests/Info.plist;
				LD_RUNPATH_SEARCH_PATHS = "$(inherited) @executable_path/Frameworks @loader_path/Frameworks";
				PRODUCT_NAME = "$(TARGET_NAME)";
				TEST_HOST = "$(BUILT_PRODUCTS_DIR)/BlocBrowser.app/BlocBrowser";
			};
			name = Debug;
		};
		BC09CB021A96224C00BEF3B9 /* Release */ = {
			isa = XCBuildConfiguration;
			buildSettings = {
				BUNDLE_LOADER = "$(TEST_HOST)";
				FRAMEWORK_SEARCH_PATHS = (
					"$(SDKROOT)/Developer/Library/Frameworks",
					"$(inherited)",
				);
				INFOPLIST_FILE = BlocBrowserTests/Info.plist;
				LD_RUNPATH_SEARCH_PATHS = "$(inherited) @executable_path/Frameworks @loader_path/Frameworks";
				PRODUCT_NAME = "$(TARGET_NAME)";
				TEST_HOST = "$(BUILT_PRODUCTS_DIR)/BlocBrowser.app/BlocBrowser";
			};
			name = Release;
		};
/* End XCBuildConfiguration section */

/* Begin XCConfigurationList section */
		BC09CAD51A96224B00BEF3B9 /* Build configuration list for PBXProject "BlocBrowser" */ = {
			isa = XCConfigurationList;
			buildConfigurations = (
				BC09CAFB1A96224C00BEF3B9 /* Debug */,
				BC09CAFC1A96224C00BEF3B9 /* Release */,
			);
			defaultConfigurationIsVisible = 0;
			defaultConfigurationName = Release;
		};
		BC09CAFD1A96224C00BEF3B9 /* Build configuration list for PBXNativeTarget "BlocBrowser" */ = {
			isa = XCConfigurationList;
			buildConfigurations = (
				BC09CAFE1A96224C00BEF3B9 /* Debug */,
				BC09CAFF1A96224C00BEF3B9 /* Release */,
			);
			defaultConfigurationIsVisible = 0;
		};
		BC09CB001A96224C00BEF3B9 /* Build configuration list for PBXNativeTarget "BlocBrowserTests" */ = {
			isa = XCConfigurationList;
			buildConfigurations = (
				BC09CB011A96224C00BEF3B9 /* Debug */,
				BC09CB021A96224C00BEF3B9 /* Release */,
			);
			defaultConfigurationIsVisible = 0;
		};
/* End XCConfigurationList section */
	};
	rootObject = BC09CAD21A96224B00BEF3B9 /* Project object */;
}
